<?xml version="1.0" encoding="utf-8"?>
<Project ToolsVersion="4.0" xmlns="http://schemas.microsoft.com/developer/msbuild/2003">
  <ItemGroup>
    <ClCompile Include="Main.cpp" />
    <ClCompile Include="MainGame.cpp" />
    <ClCompile Include="stdafx.cpp" />
    <ClCompile Include="Scenes\Week 3\MinionScene.cpp" />
    <ClCompile Include="Materials\ColorMaterial.cpp" />
    <ClCompile Include="Prefabs\SpherePrefab.cpp" />
    <ClCompile Include="Prefabs\TorusPrefab.cpp" />
    <ClCompile Include="Prefabs\CubePrefab.cpp" />
    <ClCompile Include="Scenes\Week 3\ComponentTestScene.cpp" />
    <ClCompile Include="Scenes\Week 3\PongScene.cpp" />
    <ClCompile Include="Scenes\Week 4\ModelTestScene.cpp" />
    <ClCompile Include="Materials\DiffuseMaterial.cpp" />
    <ClCompile Include="Scenes\Week 4\UberMaterialScene.cpp" />
    <ClCompile Include="Materials\UberMaterial.cpp" />
    <ClCompile Include="Materials\SpikyMaterial.cpp" />
    <ClCompile Include="Scenes\Week 4\SpikyScene.cpp" />
    <ClCompile Include="Scenes\Week 4\SpriteTestScene.cpp" />
    <ClCompile Include="Scenes\Week 5\SoftwareSkinningScene_1.cpp" />
    <ClCompile Include="Scenes\Week 5\SoftwareSkinningScene_2.cpp" />
    <ClCompile Include="Scenes\Week 5\SoftwareSkinningScene_3.cpp" />
    <ClCompile Include="Prefabs\BoneObject.cpp" />
    <ClCompile Include="Scenes\Week 6\HardwareSkinningScene.cpp" />
    <ClCompile Include="Materials\DiffuseMaterial_Skinned.cpp" />
    <ClCompile Include="Scenes\Week 7\CharacterScene.cpp" />
    <ClCompile Include="Scenes\Week 7\FontTestScene.cpp" />
    <ClCompile Include="Scenes\Week 7\PickingScene.cpp" />
    <ClCompile Include="Prefabs\Character.cpp" />
    <ClCompile Include="Scenes\Week 8\ShadowMappingScene.cpp" />
    <ClCompile Include="Materials\Shadow\DiffuseMaterial_Shadow.cpp" />
    <ClCompile Include="Materials\Shadow\DiffuseMaterial_Shadow_Skinned.cpp" />
    <ClCompile Include="Scenes\Week 9\ParticleScene.cpp" />
    <ClCompile Include="Scenes\OwnTestScenes\GrassTestScene.cpp" />
    <ClCompile Include="Materials\GrassMaterial.cpp" />
    <ClCompile Include="Scenes\Week 10\PostProcessingScene.cpp" />
    <ClCompile Include="Materials\Post\PostGrayscale.cpp" />
    <ClCompile Include="Materials\Post\PostBlur.cpp" />
    <ClCompile Include="Scenes\OwnTestScenes\WaterTestScene.cpp" />
    <ClCompile Include="Materials\WaterMaterial.cpp" />
    <ClCompile Include="Scenes\Battle City 3D\BattleCityScene.cpp" />
    <ClCompile Include="WorldBuilder\BMPLevelParser.cpp" />
    <ClCompile Include="WorldBuilder\LevelBuilder.cpp" />
    <ClCompile Include="Materials\SimpleDiffuse.cpp" />
    <ClCompile Include="Prefabs\Hatch.cpp" />
    <ClCompile Include="Prefabs\PlayerTank.cpp" />
    <ClCompile Include="Prefabs\BrickWall.cpp" />
    <ClCompile Include="Prefabs\Shell.cpp" />
    <ClCompile Include="Prefabs\EnemyTank.cpp" />
    <ClCompile Include="Prefabs\BaseTank.cpp" />
    <ClCompile Include="Misc\EnemySpawner.cpp" />
    <ClCompile Include="Prefabs\Nest.cpp" />
    <ClCompile Include="Materials\VertexColorMaterial.cpp" />
    <ClCompile Include="Materials\Shadow\VertexMaterial_Shadow_Skinned.cpp" />
    <ClCompile Include="Misc\ShellManager.cpp" />
    <ClCompile Include="Prefabs\ParticleAtLocation.cpp" />
    <ClCompile Include="Scenes\OwnTestScenes\LavaTestScene.cpp" />
    <ClCompile Include="Materials\LavaMaterial.cpp" />
    <ClCompile Include="WorldBuilder\EnvironmentBuilder.cpp" />
    <ClCompile Include="Scenes\Battle City 3D\MainMenu.cpp" />
    <ClCompile Include="Prefabs\WorldButton.cpp" />
    <ClCompile Include="Scenes\Battle City 3D\LevelSelectScene.cpp" />
  </ItemGroup>
  <ItemGroup>
    <ClInclude Include="MainGame.h" />
    <ClInclude Include="stdafx.h" />
    <ClInclude Include="Scenes\Week 3\MinionScene.h" />
    <ClInclude Include="Materials\ColorMaterial.h" />
    <ClInclude Include="Prefabs\SpherePrefab.h" />
    <ClInclude Include="Prefabs\TorusPrefab.h" />
    <ClInclude Include="Prefabs\CubePrefab.h" />
    <ClInclude Include="Scenes\Week 3\ComponentTestScene.h" />
    <ClInclude Include="Scenes\Week 3\PongScene.h" />
    <ClInclude Include="Scenes\Week 4\ModelTestScene.h" />
    <ClInclude Include="Materials\DiffuseMaterial.h" />
    <ClInclude Include="Scenes\Week 4\UberMaterialScene.h" />
    <ClInclude Include="Materials\UberMaterial.h" />
    <ClInclude Include="Materials\SpikyMaterial.h" />
    <ClInclude Include="Scenes\Week 4\SpikyScene.h" />
    <ClInclude Include="Scenes\Week 4\SpriteTestScene.h" />
    <ClInclude Include="Scenes\Week 5\SoftwareSkinningScene_1.h" />
    <ClInclude Include="Scenes\Week 5\SoftwareSkinningScene_2.h" />
    <ClInclude Include="Scenes\Week 5\SoftwareSkinningScene_3.h" />
    <ClInclude Include="Prefabs\BoneObject.h" />
    <ClInclude Include="Scenes\Week 6\HardwareSkinningScene.h" />
    <ClInclude Include="Materials\DiffuseMaterial_Skinned.h" />
    <ClInclude Include="Scenes\Week 7\CharacterScene.h" />
    <ClInclude Include="Scenes\Week 7\FontTestScene.h" />
    <ClInclude Include="Scenes\Week 7\PickingScene.h" />
    <ClInclude Include="Prefabs\Character.h" />
    <ClInclude Include="Scenes\Week 8\ShadowMappingScene.h" />
    <ClInclude Include="Materials\Shadow\DiffuseMaterial_Shadow.h" />
    <ClInclude Include="Materials\Shadow\DiffuseMaterial_Shadow_Skinned.h" />
    <ClInclude Include="Scenes\Week 9\ParticleScene.h" />
    <ClInclude Include="Scenes\OwnTestScenes\GrassTestScene.h" />
    <ClInclude Include="Materials\GrassMaterial.h" />
    <ClInclude Include="Scenes\Week 10\PostProcessingScene.h" />
    <ClInclude Include="Materials\Post\PostGrayscale.h" />
    <ClInclude Include="Materials\Post\PostBlur.h" />
    <ClInclude Include="Scenes\OwnTestScenes\WaterTestScene.h" />
    <ClInclude Include="Materials\WaterMaterial.h" />
    <ClInclude Include="Scenes\Battle City 3D\BattleCityScene.h" />
    <ClInclude Include="External\CImgLib\CImg.h" />
    <ClInclude Include="WorldBuilder\BMPLevelParser.h" />
    <ClInclude Include="External\CImgLib\plugins\add_fileformat.h" />
    <ClInclude Include="External\CImgLib\plugins\bayer.h" />
    <ClInclude Include="External\CImgLib\plugins\chlpca.h" />
    <ClInclude Include="External\CImgLib\plugins\cvMat.h" />
    <ClInclude Include="External\CImgLib\plugins\draw_gradient.h" />
    <ClInclude Include="External\CImgLib\plugins\inpaint.h" />
    <ClInclude Include="External\CImgLib\plugins\ipl.h" />
    <ClInclude Include="External\CImgLib\plugins\ipl_alt.h" />
    <ClInclude Include="External\CImgLib\plugins\jpeg_buffer.h" />
    <ClInclude Include="External\CImgLib\plugins\loop_macros.h" />
    <ClInclude Include="External\CImgLib\plugins\matlab.h" />
    <ClInclude Include="External\CImgLib\plugins\nlmeans.h" />
    <ClInclude Include="External\CImgLib\plugins\skeleton.h" />
    <ClInclude Include="External\CImgLib\plugins\tiff_stream.h" />
    <ClInclude Include="External\CImgLib\plugins\tinymatwriter.h" />
    <ClInclude Include="External\CImgLib\plugins\vrml.h" />
    <ClInclude Include="External\CImgLib\plugins\vtk.h" />
    <ClInclude Include="External\CImgLib\plugins\jerror.h" />
    <ClInclude Include="External\CImgLib\plugins\jpeglib.h" />
    <ClInclude Include="External\CImg\CImg.h" />
    <ClInclude Include="WorldBuilder\LevelBuilder.h" />
    <ClInclude Include="Materials\SimpleDiffuse.h" />
    <ClInclude Include="Prefabs\Hatch.h" />
    <ClInclude Include="Prefabs\PlayerTank.h" />
    <ClInclude Include="Prefabs\BrickWall.h" />
    <ClInclude Include="Prefabs\Shell.h" />
    <ClInclude Include="Prefabs\EnemyTank.h" />
    <ClInclude Include="Prefabs\BaseTank.h" />
    <ClInclude Include="Misc\EnemySpawner.h" />
    <ClInclude Include="Prefabs\Nest.h" />
    <ClInclude Include="Materials\VertexColorMaterial.h" />
    <ClInclude Include="Materials\Shadow\VertexMaterial_Shadow_Skinned.h" />
    <ClInclude Include="Misc\ShellManager.h" />
    <ClInclude Include="Prefabs\ParticleAtLocation.h" />
    <ClInclude Include="Scenes\OwnTestScenes\LavaTestScene.h" />
    <ClInclude Include="Materials\LavaMaterial.h" />
    <ClInclude Include="WorldBuilder\EnvironmentBuilder.h" />
    <ClInclude Include="Scenes\Battle City 3D\MainMenu.h" />
    <ClInclude Include="Prefabs\WorldButton.h" />
    <ClInclude Include="Scenes\Battle City 3D\LevelSelectScene.h" />
  </ItemGroup>
</Project>